{
    "name": "insomnia-plugin-veracode-hmac",
    "version": "1.0.9",
    "lockfileVersion": 2,
    "requires": true,
    "packages": {
        "": {
            "name": "insomnia-plugin-veracode-hmac",
            "version": "1.0.9",
            "license": "MIT",
            "dependencies": {
                "configparser": "^0.3.9",
                "sjcl": "^1.0.7"
            }
        },
        "node_modules/configparser": {
            "version": "0.3.10",
            "resolved": "https://registry.npmjs.org/configparser/-/configparser-0.3.10.tgz",
            "integrity": "sha512-wTMIO5ZMA83xLataWsILTX4JV0IinnHXoWK0ib+DeqQvurUJf8ew+iwS9b4Ol5DfMUiY1UvfGkvrA60DJIIR6A==",
            "dependencies": {
                "mkdirp": "^0.5.1"
            }
        },
        "node_modules/minimist": {
            "version": "1.2.7",
            "resolved": "https://registry.npmjs.org/minimist/-/minimist-1.2.7.tgz",
            "integrity": "sha512-bzfL1YUZsP41gmu/qjrEk0Q6i2ix/cVeAhbCbqH9u3zYutS1cLg00qhrD0M2MVdCcx4Sc0UpP2eBWo9rotpq6g==",
            "funding": {
                "url": "https://github.com/sponsors/ljharb"
            }
        },
        "node_modules/mkdirp": {
            "version": "0.5.6",
            "resolved": "https://registry.npmjs.org/mkdirp/-/mkdirp-0.5.6.tgz",
            "integrity": "sha512-FP+p8RB8OWpF3YZBCrP5gtADmtXApB5AMLn+vdyA+PyxCjrCs00mjyUozssO33cwDeT3wNGdLxJ5M//YqtHAJw==",
            "dependencies": {
                "minimist": "^1.2.6"
            },
            "bin": {
                "mkdirp": "bin/cmd.js"
            }
        },
        "node_modules/sjcl": {
            "version": "1.0.8",
            "resolved": "https://registry.npmjs.org/sjcl/-/sjcl-1.0.8.tgz",
            "integrity": "sha512-LzIjEQ0S0DpIgnxMEayM1rq9aGwGRG4OnZhCdjx7glTaJtf4zRfpg87ImfjSJjoW9vKpagd82McDOwbRT5kQKQ==",
            "engines": {
                "node": "*"
            }
        }
    },
    "dependencies": {
        "configparser": {
            "version": "0.3.10",
            "resolved": "https://registry.npmjs.org/configparser/-/configparser-0.3.10.tgz",
            "integrity": "sha512-wTMIO5ZMA83xLataWsILTX4JV0IinnHXoWK0ib+DeqQvurUJf8ew+iwS9b4Ol5DfMUiY1UvfGkvrA60DJIIR6A==",
            "requires": {
                "mkdirp": "^0.5.1"
            }
        },
        "minimist": {
            "version": "1.2.7",
            "resolved": "https://registry.npmjs.org/minimist/-/minimist-1.2.7.tgz",
            "integrity": "sha512-bzfL1YUZsP41gmu/qjrEk0Q6i2ix/cVeAhbCbqH9u3zYutS1cLg00qhrD0M2MVdCcx4Sc0UpP2eBWo9rotpq6g=="
        },
        "mkdirp": {
            "version": "0.5.6",
            "resolved": "https://registry.npmjs.org/mkdirp/-/mkdirp-0.5.6.tgz",
            "integrity": "sha512-FP+p8RB8OWpF3YZBCrP5gtADmtXApB5AMLn+vdyA+PyxCjrCs00mjyUozssO33cwDeT3wNGdLxJ5M//YqtHAJw==",
            "requires": {
                "minimist": "^1.2.6"
            }
        },
        "sjcl": {
            "version": "1.0.8",
            "resolved": "https://registry.npmjs.org/sjcl/-/sjcl-1.0.8.tgz",
            "integrity": "sha512-LzIjEQ0S0DpIgnxMEayM1rq9aGwGRG4OnZhCdjx7glTaJtf4zRfpg87ImfjSJjoW9vKpagd82McDOwbRT5kQKQ=="
        }
    }
}
